
Microsoft Visual Studio Solution File, Format Version 12.00
# Visual Studio Version 17
VisualStudioVersion = 17.2.32630.192
MinimumVisualStudioVersion = 10.0.40219.1
Project("{FAE04EC0-301F-11D3-BF4B-00C04F79EFBC}") = "ClientContacts", "ClientContacts\ClientContacts.csproj", "{76F3D57E-8A8B-4AA7-8708-D9E15156073A}"
EndProject
Global
	GlobalSection(SolutionConfigurationPlatforms) = preSolution
		Debug|Any CPU = Debug|Any CPU
		Release|Any CPU = Release|Any CPU
	EndGlobalSection
	GlobalSection(ProjectConfigurationPlatforms) = postSolution
		{76F3D57E-8A8B-4AA7-8708-D9E15156073A}.Debug|Any CPU.ActiveCfg = Debug|Any CPU
		{76F3D57E-8A8B-4AA7-8708-D9E15156073A}.Debug|Any CPU.Build.0 = Debug|Any CPU
		{76F3D57E-8A8B-4AA7-8708-D9E15156073A}.Release|Any CPU.ActiveCfg = Release|Any CPU
		{76F3D57E-8A8B-4AA7-8708-D9E15156073A}.Release|Any CPU.Build.0 = Release|Any CPU
	EndGlobalSection
	GlobalSection(SolutionProperties) = preSolution
		HideSolutionNode = FALSE
	EndGlobalSection
	GlobalSection(ExtensibilityGlobals) = postSolution
		SolutionGuid = {19C4DA67-4CE7-4EAD-9DCA-2E5F60C8AF03}
	EndGlobalSection
EndGlobal
